
Microsoft Visual Studio Solution File, Format Version 12.00
# Visual Studio Version 16
VisualStudioVersion = 16.0.30225.117
MinimumVisualStudioVersion = 10.0.40219.1
Project("{FAE04EC0-301F-11D3-BF4B-00C04F79EFBC}") = "WebApplication1", "WebApplication1\WebApplication1.csproj", "{516FC83B-A2EC-4687-ACFB-8B866042C1C0}"
EndProject
Global
	GlobalSection(SolutionConfigurationPlatforms) = preSolution
		Debug|Any CPU = Debug|Any CPU
		Release|Any CPU = Release|Any CPU
	EndGlobalSection
	GlobalSection(ProjectConfigurationPlatforms) = postSolution
		{516FC83B-A2EC-4687-ACFB-8B866042C1C0}.Debug|Any CPU.ActiveCfg = Debug|Any CPU
		{516FC83B-A2EC-4687-ACFB-8B866042C1C0}.Debug|Any CPU.Build.0 = Debug|Any CPU
		{516FC83B-A2EC-4687-ACFB-8B866042C1C0}.Release|Any CPU.ActiveCfg = Release|Any CPU
		{516FC83B-A2EC-4687-ACFB-8B866042C1C0}.Release|Any CPU.Build.0 = Release|Any CPU
	EndGlobalSection
	GlobalSection(SolutionProperties) = preSolution
		HideSolutionNode = FALSE
	EndGlobalSection
	GlobalSection(ExtensibilityGlobals) = postSolution
		SolutionGuid = {54FA0B33-91B4-4745-8ECF-101B26835884}
	EndGlobalSection
EndGlobal
